
Microsoft Visual Studio Solution File, Format Version 12.00
# Visual Studio Version 16
VisualStudioVersion = 16.0.31129.286
MinimumVisualStudioVersion = 10.0.40219.1
Project("{9A19103F-16F7-4668-BE54-9A1E7A4F7556}") = "Zad5", "Zad5\Zad5.csproj", "{4D37B958-3F50-4A46-B01E-7BD00D486A99}"
EndProject
Global
	GlobalSection(SolutionConfigurationPlatforms) = preSolution
		Debug|Any CPU = Debug|Any CPU
		Release|Any CPU = Release|Any CPU
	EndGlobalSection
	GlobalSection(ProjectConfigurationPlatforms) = postSolution
		{4D37B958-3F50-4A46-B01E-7BD00D486A99}.Debug|Any CPU.ActiveCfg = Debug|Any CPU
		{4D37B958-3F50-4A46-B01E-7BD00D486A99}.Debug|Any CPU.Build.0 = Debug|Any CPU
		{4D37B958-3F50-4A46-B01E-7BD00D486A99}.Release|Any CPU.ActiveCfg = Release|Any CPU
		{4D37B958-3F50-4A46-B01E-7BD00D486A99}.Release|Any CPU.Build.0 = Release|Any CPU
	EndGlobalSection
	GlobalSection(SolutionProperties) = preSolution
		HideSolutionNode = FALSE
	EndGlobalSection
	GlobalSection(ExtensibilityGlobals) = postSolution
		SolutionGuid = {6BB340E3-C218-45C6-8FDE-12A3E5E965FC}
	EndGlobalSection
EndGlobal
